
Microsoft Visual Studio Solution File, Format Version 12.00
# Visual Studio Version 17
VisualStudioVersion = 17.10.34814.14
MinimumVisualStudioVersion = 10.0.40219.1
Project("{FAE04EC0-301F-11D3-BF4B-00C04F79EFBC}") = "ObjectOrDynamic", "ObjectOrDynamic.csproj", "{9ADFBFF7-0237-4AFA-914B-1CA895569C8C}"
EndProject
Global
	GlobalSection(SolutionConfigurationPlatforms) = preSolution
		Debug|Any CPU = Debug|Any CPU
		Release|Any CPU = Release|Any CPU
	EndGlobalSection
	GlobalSection(ProjectConfigurationPlatforms) = postSolution
		{9ADFBFF7-0237-4AFA-914B-1CA895569C8C}.Debug|Any CPU.ActiveCfg = Debug|Any CPU
		{9ADFBFF7-0237-4AFA-914B-1CA895569C8C}.Debug|Any CPU.Build.0 = Debug|Any CPU
		{9ADFBFF7-0237-4AFA-914B-1CA895569C8C}.Release|Any CPU.ActiveCfg = Release|Any CPU
		{9ADFBFF7-0237-4AFA-914B-1CA895569C8C}.Release|Any CPU.Build.0 = Release|Any CPU
	EndGlobalSection
	GlobalSection(SolutionProperties) = preSolution
		HideSolutionNode = FALSE
	EndGlobalSection
	GlobalSection(ExtensibilityGlobals) = postSolution
		SolutionGuid = {39659DFD-76A7-47C8-8EF9-0A9A492DDDCB}
	EndGlobalSection
EndGlobal
