
Microsoft Visual Studio Solution File, Format Version 12.00
# Visual Studio Version 17
VisualStudioVersion = 17.10.34814.14
MinimumVisualStudioVersion = 10.0.40219.1
Project("{9A19103F-16F7-4668-BE54-9A1E7A4F7556}") = "StandardInterfaceImplementation", "StandardInterfaceImplementation.csproj", "{77CC083F-828E-416B-9032-E077E65E44DC}"
EndProject
Global
	GlobalSection(SolutionConfigurationPlatforms) = preSolution
		Debug|Any CPU = Debug|Any CPU
		Release|Any CPU = Release|Any CPU
	EndGlobalSection
	GlobalSection(ProjectConfigurationPlatforms) = postSolution
		{77CC083F-828E-416B-9032-E077E65E44DC}.Debug|Any CPU.ActiveCfg = Debug|Any CPU
		{77CC083F-828E-416B-9032-E077E65E44DC}.Debug|Any CPU.Build.0 = Debug|Any CPU
		{77CC083F-828E-416B-9032-E077E65E44DC}.Release|Any CPU.ActiveCfg = Release|Any CPU
		{77CC083F-828E-416B-9032-E077E65E44DC}.Release|Any CPU.Build.0 = Release|Any CPU
	EndGlobalSection
	GlobalSection(SolutionProperties) = preSolution
		HideSolutionNode = FALSE
	EndGlobalSection
	GlobalSection(ExtensibilityGlobals) = postSolution
		SolutionGuid = {1FE0EBA1-1812-4FE7-9942-6F618F55A016}
	EndGlobalSection
EndGlobal
